
Microsoft Visual Studio Solution File, Format Version 12.00
# Visual Studio Version 17
VisualStudioVersion = 17.2.32526.322
MinimumVisualStudioVersion = 10.0.40219.1
Project("{9A19103F-16F7-4668-BE54-9A1E7A4F7556}") = "MISA.Web04.Demo", "MISA.Web04.Demo\MISA.Web04.Demo.csproj", "{E30CB9E5-83FD-4149-8696-31948C533A5A}"
EndProject
Project("{FAE04EC0-301F-11D3-BF4B-00C04F79EFBC}") = "MISA.Web04.Api", "MISA.Web04.Api\MISA.Web04.Api.csproj", "{1AAD86E0-EB06-4ACD-B490-8F55D1974BF7}"
EndProject
Project("{FAE04EC0-301F-11D3-BF4B-00C04F79EFBC}") = "MISA.core", "MISA.core\MISA.core.csproj", "{A4A2551C-1486-4241-87B9-3B1BFEE01C1D}"
EndProject
Project("{FAE04EC0-301F-11D3-BF4B-00C04F79EFBC}") = "MISA.infrastructure", "MISA.infrastructure\MISA.infrastructure.csproj", "{3509F727-323A-4C9C-ABF3-13F465D02168}"
EndProject
Global
	GlobalSection(SolutionConfigurationPlatforms) = preSolution
		Debug|Any CPU = Debug|Any CPU
		Release|Any CPU = Release|Any CPU
	EndGlobalSection
	GlobalSection(ProjectConfigurationPlatforms) = postSolution
		{E30CB9E5-83FD-4149-8696-31948C533A5A}.Debug|Any CPU.ActiveCfg = Debug|Any CPU
		{E30CB9E5-83FD-4149-8696-31948C533A5A}.Debug|Any CPU.Build.0 = Debug|Any CPU
		{E30CB9E5-83FD-4149-8696-31948C533A5A}.Release|Any CPU.ActiveCfg = Release|Any CPU
		{E30CB9E5-83FD-4149-8696-31948C533A5A}.Release|Any CPU.Build.0 = Release|Any CPU
		{1AAD86E0-EB06-4ACD-B490-8F55D1974BF7}.Debug|Any CPU.ActiveCfg = Debug|Any CPU
		{1AAD86E0-EB06-4ACD-B490-8F55D1974BF7}.Debug|Any CPU.Build.0 = Debug|Any CPU
		{1AAD86E0-EB06-4ACD-B490-8F55D1974BF7}.Release|Any CPU.ActiveCfg = Release|Any CPU
		{1AAD86E0-EB06-4ACD-B490-8F55D1974BF7}.Release|Any CPU.Build.0 = Release|Any CPU
		{A4A2551C-1486-4241-87B9-3B1BFEE01C1D}.Debug|Any CPU.ActiveCfg = Debug|Any CPU
		{A4A2551C-1486-4241-87B9-3B1BFEE01C1D}.Debug|Any CPU.Build.0 = Debug|Any CPU
		{A4A2551C-1486-4241-87B9-3B1BFEE01C1D}.Release|Any CPU.ActiveCfg = Release|Any CPU
		{A4A2551C-1486-4241-87B9-3B1BFEE01C1D}.Release|Any CPU.Build.0 = Release|Any CPU
		{3509F727-323A-4C9C-ABF3-13F465D02168}.Debug|Any CPU.ActiveCfg = Debug|Any CPU
		{3509F727-323A-4C9C-ABF3-13F465D02168}.Debug|Any CPU.Build.0 = Debug|Any CPU
		{3509F727-323A-4C9C-ABF3-13F465D02168}.Release|Any CPU.ActiveCfg = Release|Any CPU
		{3509F727-323A-4C9C-ABF3-13F465D02168}.Release|Any CPU.Build.0 = Release|Any CPU
	EndGlobalSection
	GlobalSection(SolutionProperties) = preSolution
		HideSolutionNode = FALSE
	EndGlobalSection
	GlobalSection(ExtensibilityGlobals) = postSolution
		SolutionGuid = {F710E0C2-C33E-4727-A2BF-2E23FCDB1741}
	EndGlobalSection
EndGlobal
